
Microsoft Visual Studio Solution File, Format Version 12.00
# Visual Studio Version 17
VisualStudioVersion = 17.4.33213.308
MinimumVisualStudioVersion = 10.0.40219.1
Project("{FAE04EC0-301F-11D3-BF4B-00C04F79EFBC}") = "BLELedWish", "BLELedWish\BLELedWish.csproj", "{17B999A4-8963-4338-A371-01506E9D5F53}"
EndProject
Global
	GlobalSection(SolutionConfigurationPlatforms) = preSolution
		Debug|Any CPU = Debug|Any CPU
		Release|Any CPU = Release|Any CPU
	EndGlobalSection
	GlobalSection(ProjectConfigurationPlatforms) = postSolution
		{17B999A4-8963-4338-A371-01506E9D5F53}.Debug|Any CPU.ActiveCfg = Debug|Any CPU
		{17B999A4-8963-4338-A371-01506E9D5F53}.Debug|Any CPU.Build.0 = Debug|Any CPU
		{17B999A4-8963-4338-A371-01506E9D5F53}.Release|Any CPU.ActiveCfg = Release|Any CPU
		{17B999A4-8963-4338-A371-01506E9D5F53}.Release|Any CPU.Build.0 = Release|Any CPU
	EndGlobalSection
	GlobalSection(SolutionProperties) = preSolution
		HideSolutionNode = FALSE
	EndGlobalSection
	GlobalSection(ExtensibilityGlobals) = postSolution
		SolutionGuid = {0DA3FBF2-4224-4DE8-90C4-3E0C7D614E37}
	EndGlobalSection
EndGlobal
